
Microsoft Visual Studio Solution File, Format Version 12.00
# Visual Studio Version 16
VisualStudioVersion = 16.0.35325.158
MinimumVisualStudioVersion = 10.0.40219.1
Project("{FAE04EC0-301F-11D3-BF4B-00C04F79EFBC}") = "MVCassessment", "MVCassessment\MVCassessment.csproj", "{9AB81009-3C1C-470C-B6FB-77D7B37B703F}"
EndProject
Global
	GlobalSection(SolutionConfigurationPlatforms) = preSolution
		Debug|Any CPU = Debug|Any CPU
		Release|Any CPU = Release|Any CPU
	EndGlobalSection
	GlobalSection(ProjectConfigurationPlatforms) = postSolution
		{9AB81009-3C1C-470C-B6FB-77D7B37B703F}.Debug|Any CPU.ActiveCfg = Debug|Any CPU
		{9AB81009-3C1C-470C-B6FB-77D7B37B703F}.Debug|Any CPU.Build.0 = Debug|Any CPU
		{9AB81009-3C1C-470C-B6FB-77D7B37B703F}.Release|Any CPU.ActiveCfg = Release|Any CPU
		{9AB81009-3C1C-470C-B6FB-77D7B37B703F}.Release|Any CPU.Build.0 = Release|Any CPU
	EndGlobalSection
	GlobalSection(SolutionProperties) = preSolution
		HideSolutionNode = FALSE
	EndGlobalSection
	GlobalSection(ExtensibilityGlobals) = postSolution
		SolutionGuid = {97C62770-24F8-4132-8839-8DD561B4F29C}
	EndGlobalSection
EndGlobal
